
Microsoft Visual Studio Solution File, Format Version 12.00
# Visual Studio 15
VisualStudioVersion = 15.0.28307.960
MinimumVisualStudioVersion = 10.0.40219.1
Project("{059D6162-CD51-11D0-AE1F-00A0C90FFFC3}") = "Game Files", "D:\GAMES\FAKK2\CTF\Game Files.dsp", "{5DD255BA-E46E-4EAB-B74F-E22404E91FED}"
EndProject
Project("{8BC9CEB8-8B4A-11D0-8D11-00A0C91BC942}") = "cgame", "cgame\cgame.vcxproj", "{69499D99-BFEE-44CE-B6ED-903FF976EBB2}"
EndProject
Project("{8BC9CEB8-8B4A-11D0-8D11-00A0C91BC942}") = "fgame", "fgame\fgame.vcxproj", "{DDF0CC83-4C79-4179-8EBB-5B79CB93CF1A}"
EndProject
Global
	GlobalSection(SolutionConfigurationPlatforms) = preSolution
		Debug|x86 = Debug|x86
		Demo Release|x86 = Demo Release|x86
		German Demo Release|x86 = German Demo Release|x86
		Release|x86 = Release|x86
		Template|x86 = Template|x86
	EndGlobalSection
	GlobalSection(ProjectConfigurationPlatforms) = postSolution
		{69499D99-BFEE-44CE-B6ED-903FF976EBB2}.Debug|x86.ActiveCfg = Debug|Win32
		{69499D99-BFEE-44CE-B6ED-903FF976EBB2}.Debug|x86.Build.0 = Debug|Win32
		{69499D99-BFEE-44CE-B6ED-903FF976EBB2}.Demo Release|x86.ActiveCfg = Demo Release|Win32
		{69499D99-BFEE-44CE-B6ED-903FF976EBB2}.Demo Release|x86.Build.0 = Demo Release|Win32
		{69499D99-BFEE-44CE-B6ED-903FF976EBB2}.German Demo Release|x86.ActiveCfg = German Demo Release|Win32
		{69499D99-BFEE-44CE-B6ED-903FF976EBB2}.German Demo Release|x86.Build.0 = German Demo Release|Win32
		{69499D99-BFEE-44CE-B6ED-903FF976EBB2}.Release|x86.ActiveCfg = Release|Win32
		{69499D99-BFEE-44CE-B6ED-903FF976EBB2}.Release|x86.Build.0 = Release|Win32
		{69499D99-BFEE-44CE-B6ED-903FF976EBB2}.Template|x86.ActiveCfg = German Demo Release|Win32
		{69499D99-BFEE-44CE-B6ED-903FF976EBB2}.Template|x86.Build.0 = German Demo Release|Win32
		{DDF0CC83-4C79-4179-8EBB-5B79CB93CF1A}.Debug|x86.ActiveCfg = Debug|Win32
		{DDF0CC83-4C79-4179-8EBB-5B79CB93CF1A}.Debug|x86.Build.0 = Debug|Win32
		{DDF0CC83-4C79-4179-8EBB-5B79CB93CF1A}.Demo Release|x86.ActiveCfg = Demo Release|Win32
		{DDF0CC83-4C79-4179-8EBB-5B79CB93CF1A}.Demo Release|x86.Build.0 = Demo Release|Win32
		{DDF0CC83-4C79-4179-8EBB-5B79CB93CF1A}.German Demo Release|x86.ActiveCfg = German Demo Release|Win32
		{DDF0CC83-4C79-4179-8EBB-5B79CB93CF1A}.German Demo Release|x86.Build.0 = German Demo Release|Win32
		{DDF0CC83-4C79-4179-8EBB-5B79CB93CF1A}.Release|x86.ActiveCfg = Release|Win32
		{DDF0CC83-4C79-4179-8EBB-5B79CB93CF1A}.Release|x86.Build.0 = Release|Win32
		{DDF0CC83-4C79-4179-8EBB-5B79CB93CF1A}.Template|x86.ActiveCfg = Template|Win32
		{DDF0CC83-4C79-4179-8EBB-5B79CB93CF1A}.Template|x86.Build.0 = Template|Win32
	EndGlobalSection
	GlobalSection(SolutionProperties) = preSolution
		HideSolutionNode = FALSE
	EndGlobalSection
	GlobalSection(ExtensibilityGlobals) = postSolution
		SolutionGuid = {68609371-FC7B-4343-85C8-E614B3497AEB}
	EndGlobalSection
EndGlobal
