<?xml version="1.0" encoding="utf-8"?>
<Project ToolsVersion="4.0" xmlns="http://schemas.microsoft.com/developer/msbuild/2003">
  <ItemGroup>
    <Filter Include="Source Files">
      <UniqueIdentifier>{1f979096-5fe4-4843-a81b-292f37900968}</UniqueIdentifier>
    </Filter>
    <Filter Include="Header Files">
      <UniqueIdentifier>{61c442ec-4fae-4fd9-9bac-cb6267c2f24e}</UniqueIdentifier>
    </Filter>
    <Filter Include="CTF">
      <UniqueIdentifier>{6d8fed77-2165-42ac-80ea-b24c3bf7ef96}</UniqueIdentifier>
    </Filter>
    <Filter Include="CTF\CPP">
      <UniqueIdentifier>{188900bc-27e2-42b9-834b-387128105f80}</UniqueIdentifier>
      <Extensions>.cpp</Extensions>
    </Filter>
    <Filter Include="CTF\H">
      <UniqueIdentifier>{150045cb-3e22-4433-8e8b-3be55525811f}</UniqueIdentifier>
      <Extensions>.h</Extensions>
    </Filter>
  </ItemGroup>
  <ItemGroup>
    <ClCompile Include="..\fgame\bg_misc.c">
      <Filter>Source Files</Filter>
    </ClCompile>
    <ClCompile Include="..\fgame\bg_pmove.c">
      <Filter>Source Files</Filter>
    </ClCompile>
    <ClCompile Include="cg_beam.cpp">
      <Filter>Source Files</Filter>
    </ClCompile>
    <ClCompile Include="cg_commands.cpp">
      <Filter>Source Files</Filter>
    </ClCompile>
    <ClCompile Include="cg_consolecmds.c">
      <Filter>Source Files</Filter>
    </ClCompile>
    <ClCompile Include="cg_drawtools.cpp">
      <Filter>Source Files</Filter>
    </ClCompile>
    <ClCompile Include="cg_ents.c">
      <Filter>Source Files</Filter>
    </ClCompile>
    <ClCompile Include="cg_lightstyles.cpp">
      <Filter>Source Files</Filter>
    </ClCompile>
    <ClCompile Include="cg_main.c">
      <Filter>Source Files</Filter>
    </ClCompile>
    <ClCompile Include="cg_marks.c">
      <Filter>Source Files</Filter>
    </ClCompile>
    <ClCompile Include="cg_modelanim.c">
      <Filter>Source Files</Filter>
    </ClCompile>
    <ClCompile Include="cg_player.cpp">
      <Filter>Source Files</Filter>
    </ClCompile>
    <ClCompile Include="cg_playerstate.c">
      <Filter>Source Files</Filter>
    </ClCompile>
    <ClCompile Include="cg_predict.c">
      <Filter>Source Files</Filter>
    </ClCompile>
    <ClCompile Include="cg_servercmds.c">
      <Filter>Source Files</Filter>
    </ClCompile>
    <ClCompile Include="cg_snapshot.c">
      <Filter>Source Files</Filter>
    </ClCompile>
    <ClCompile Include="cg_sound.cpp">
      <Filter>Source Files</Filter>
    </ClCompile>
    <ClCompile Include="cg_specialfx.cpp">
      <Filter>Source Files</Filter>
    </ClCompile>
    <ClCompile Include="cg_swipe.cpp">
      <Filter>Source Files</Filter>
    </ClCompile>
    <ClCompile Include="cg_testemitter.cpp">
      <Filter>Source Files</Filter>
    </ClCompile>
    <ClCompile Include="cg_ui.cpp">
      <Filter>Source Files</Filter>
    </ClCompile>
    <ClCompile Include="cg_view.c">
      <Filter>Source Files</Filter>
    </ClCompile>
    <ClCompile Include="class.cpp">
      <Filter>Source Files</Filter>
    </ClCompile>
    <ClCompile Include="listener.cpp">
      <Filter>Source Files</Filter>
    </ClCompile>
    <ClCompile Include="..\fgame\q_math.c">
      <Filter>Source Files</Filter>
    </ClCompile>
    <ClCompile Include="..\fgame\q_mathsys.c">
      <Filter>Source Files</Filter>
    </ClCompile>
    <ClCompile Include="..\fgame\q_shared.c">
      <Filter>Source Files</Filter>
    </ClCompile>
    <ClCompile Include="script.cpp">
      <Filter>Source Files</Filter>
    </ClCompile>
    <ClCompile Include="str.cpp">
      <Filter>Source Files</Filter>
    </ClCompile>
    <ClCompile Include="..\win32\win_bounds.cpp">
      <Filter>Source Files</Filter>
    </ClCompile>
    <ClCompile Include="cg_ctf_view.cpp">
      <Filter>CTF\CPP</Filter>
    </ClCompile>
    <ClCompile Include="ctf_2d.cpp">
      <Filter>CTF\CPP</Filter>
    </ClCompile>
    <ClCompile Include="ctf_cg_drawtools.cpp">
      <Filter>CTF\CPP</Filter>
    </ClCompile>
    <ClCompile Include="CTF_ItemPickup.cpp">
      <Filter>CTF\CPP</Filter>
    </ClCompile>
    <ClCompile Include="ctf_msg.cpp">
      <Filter>CTF\CPP</Filter>
    </ClCompile>
    <ClCompile Include="ctf_reward.cpp">
      <Filter>CTF\CPP</Filter>
    </ClCompile>
    <ClCompile Include="ctf_tech.cpp">
      <Filter>CTF\CPP</Filter>
    </ClCompile>
  </ItemGroup>
  <ItemGroup>
    <ClInclude Include="..\fgame\bg_local.h">
      <Filter>Header Files</Filter>
    </ClInclude>
    <ClInclude Include="..\fgame\bg_public.h">
      <Filter>Header Files</Filter>
    </ClInclude>
    <ClInclude Include="cg_commands.h">
      <Filter>Header Files</Filter>
    </ClInclude>
    <ClInclude Include="cg_local.h">
      <Filter>Header Files</Filter>
    </ClInclude>
    <ClInclude Include="cg_public.h">
      <Filter>Header Files</Filter>
    </ClInclude>
    <ClInclude Include="class.h">
      <Filter>Header Files</Filter>
    </ClInclude>
    <ClInclude Include="container.h">
      <Filter>Header Files</Filter>
    </ClInclude>
    <ClInclude Include="Linklist.h">
      <Filter>Header Files</Filter>
    </ClInclude>
    <ClInclude Include="listener.h">
      <Filter>Header Files</Filter>
    </ClInclude>
    <ClInclude Include="script.h">
      <Filter>Header Files</Filter>
    </ClInclude>
    <ClInclude Include="str.h">
      <Filter>Header Files</Filter>
    </ClInclude>
    <ClInclude Include="tr_types.h">
      <Filter>Header Files</Filter>
    </ClInclude>
    <ClInclude Include="vector.h">
      <Filter>Header Files</Filter>
    </ClInclude>
    <ClInclude Include="cg_ctf_view.h">
      <Filter>CTF\H</Filter>
    </ClInclude>
    <ClInclude Include="ctf_2d.h">
      <Filter>CTF\H</Filter>
    </ClInclude>
    <ClInclude Include="ctf_cg_drawtools.h">
      <Filter>CTF\H</Filter>
    </ClInclude>
    <ClInclude Include="CTF_ItemPickup.h">
      <Filter>CTF\H</Filter>
    </ClInclude>
    <ClInclude Include="ctf_msg.h">
      <Filter>CTF\H</Filter>
    </ClInclude>
    <ClInclude Include="ctf_reward.h">
      <Filter>CTF\H</Filter>
    </ClInclude>
    <ClInclude Include="ctf_tech.h">
      <Filter>CTF\H</Filter>
    </ClInclude>
  </ItemGroup>
  <ItemGroup>
    <CustomBuild Include="cgame.def" />
  </ItemGroup>
</Project>